
Microsoft Visual Studio Solution File, Format Version 12.00
# Visual Studio Version 16
VisualStudioVersion = 16.0.31129.286
MinimumVisualStudioVersion = 10.0.40219.1
Project("{FAE04EC0-301F-11D3-BF4B-00C04F79EFBC}") = "Intercabiar Pilas", "Intercabiar Pilas\Intercabiar Pilas.csproj", "{48971EF0-36F7-4CAD-B493-4E3B6873B1C2}"
EndProject
Global
	GlobalSection(SolutionConfigurationPlatforms) = preSolution
		Debug|Any CPU = Debug|Any CPU
		Release|Any CPU = Release|Any CPU
	EndGlobalSection
	GlobalSection(ProjectConfigurationPlatforms) = postSolution
		{48971EF0-36F7-4CAD-B493-4E3B6873B1C2}.Debug|Any CPU.ActiveCfg = Debug|Any CPU
		{48971EF0-36F7-4CAD-B493-4E3B6873B1C2}.Debug|Any CPU.Build.0 = Debug|Any CPU
		{48971EF0-36F7-4CAD-B493-4E3B6873B1C2}.Release|Any CPU.ActiveCfg = Release|Any CPU
		{48971EF0-36F7-4CAD-B493-4E3B6873B1C2}.Release|Any CPU.Build.0 = Release|Any CPU
	EndGlobalSection
	GlobalSection(SolutionProperties) = preSolution
		HideSolutionNode = FALSE
	EndGlobalSection
	GlobalSection(ExtensibilityGlobals) = postSolution
		SolutionGuid = {1524E832-E14E-4A5F-AA05-459D485F3D91}
	EndGlobalSection
EndGlobal
